
Microsoft Visual Studio Solution File, Format Version 12.00
# Visual Studio Version 17
VisualStudioVersion = 17.0.31912.275
MinimumVisualStudioVersion = 10.0.40219.1
Project("{9A19103F-16F7-4668-BE54-9A1E7A4F7556}") = "Crypto", "Crypto\Crypto\Crypto.csproj", "{8A2A179E-72BE-4D5E-9334-E2120AEFE349}"
EndProject
Project("{9A19103F-16F7-4668-BE54-9A1E7A4F7556}") = "Crypto.Tests", "Crypto\Crypto.Tests\Crypto.Tests.csproj", "{77E671D5-3162-41F8-A35F-03499BE1D270}"
EndProject
Project("{2150E333-8FDC-42A3-9474-1A3956D46DE8}") = "Crypto", "Crypto", "{99ADF714-13A0-4F9E-9F1A-EB60E27D8D11}"
EndProject
Project("{2150E333-8FDC-42A3-9474-1A3956D46DE8}") = "UnitTestTools", "UnitTestTools", "{669B153A-4BA5-4295-ABF3-F136ED63B1B5}"
EndProject
Project("{9A19103F-16F7-4668-BE54-9A1E7A4F7556}") = "UnitTestTools", "UnitTestTools\UnitTestTools\UnitTestTools.csproj", "{3679AFA4-6C57-43CE-BE2F-AAEFF830F891}"
EndProject
Project("{9A19103F-16F7-4668-BE54-9A1E7A4F7556}") = "UnitTestTools.Tests", "UnitTestTools\UnitTestTools.Tests\UnitTestTools.Tests.csproj", "{048D36B1-21EB-4A47-9EBF-02AF667D4C6E}"
EndProject
Project("{9A19103F-16F7-4668-BE54-9A1E7A4F7556}") = "Tooling", "Tooling\Tooling\Tooling.csproj", "{1877210F-E3B9-4940-AEDA-99D2A1363967}"
EndProject
Project("{2150E333-8FDC-42A3-9474-1A3956D46DE8}") = "Tooling", "Tooling", "{BC33C862-D5F4-46C0-8679-AB6AE796DE4E}"
EndProject
Project("{9A19103F-16F7-4668-BE54-9A1E7A4F7556}") = "DevelopmentKit.Identity", "DevelopmentKit.Identity\DevelopmentKit.Identity\DevelopmentKit.Identity.csproj", "{179026B7-2CEC-4270-9AE9-4AF9529A554F}"
EndProject
Project("{2150E333-8FDC-42A3-9474-1A3956D46DE8}") = "DevelopmentKit", "DevelopmentKit", "{D6DF0416-BBAE-48AF-BF98-F1F85315551C}"
EndProject
Project("{9A19103F-16F7-4668-BE54-9A1E7A4F7556}") = "StronglyTypedIds", "StronglyTypedIds\StronglyTypedIds\StronglyTypedIds.csproj", "{43334802-BD84-44A6-87A5-F71AC4AB061E}"
EndProject
Project("{2150E333-8FDC-42A3-9474-1A3956D46DE8}") = "StronglyTypedIds", "StronglyTypedIds", "{3F0CF798-FBE9-4674-B8EA-6AEC8C51E5B1}"
EndProject
Project("{9A19103F-16F7-4668-BE54-9A1E7A4F7556}") = "StronglyTypedIds.Tests", "StronglyTypedIds\StronglyTypedIds.Tests\StronglyTypedIds.Tests.csproj", "{6CDA8955-1438-49B0-8EC8-845FFF0F17DC}"
EndProject
Project("{2150E333-8FDC-42A3-9474-1A3956D46DE8}") = "DevelopmentKit.Identity", "DevelopmentKit.Identity", "{6F8A5328-33E2-4871-B711-162BBA18EE4E}"
EndProject
Project("{9A19103F-16F7-4668-BE54-9A1E7A4F7556}") = "Tooling.Tests", "Tooling\Tooling.Tests\Tooling.Tests.csproj", "{8497444C-1C78-4FF3-9ECF-3FBDDFA09D03}"
EndProject
Project("{9A19103F-16F7-4668-BE54-9A1E7A4F7556}") = "DevelopmentKit.Identity.Tests", "DevelopmentKit.Identity\DevelopmentKit.Identity.Tests\DevelopmentKit.Identity.Tests.csproj", "{C1581576-B28D-4003-A8A7-CA758F67DC01}"
EndProject
Project("{2150E333-8FDC-42A3-9474-1A3956D46DE8}") = "BuildingBlocks", "BuildingBlocks", "{5E01865C-5AE2-4227-82E0-F60591E0A7E6}"
EndProject
Project("{2150E333-8FDC-42A3-9474-1A3956D46DE8}") = "BuildingBlocks.Application", "BuildingBlocks.Application", "{475318A9-7084-454F-BEC3-C6660B7C87E9}"
EndProject
Project("{9A19103F-16F7-4668-BE54-9A1E7A4F7556}") = "BuildingBlocks.Application", "BuildingBlocks.Application\BuildingBlocks.Application\BuildingBlocks.Application.csproj", "{37BEF855-5AA0-497D-B1E2-D657B7B19455}"
EndProject
Project("{9A19103F-16F7-4668-BE54-9A1E7A4F7556}") = "BuildingBlocks.Application.Tests", "BuildingBlocks.Application\BuildingBlocks.Application.Tests\BuildingBlocks.Application.Tests.csproj", "{53C7A335-F29E-4D37-A4C8-2596F507AAA5}"
EndProject
Project("{9A19103F-16F7-4668-BE54-9A1E7A4F7556}") = "BuildingBlocks.Application.Abstractions", "BuildingBlocks.Application.Abstractions\BuildingBlocks.Application.Abstractions\BuildingBlocks.Application.Abstractions.csproj", "{6B5CC495-CAF3-4171-BE52-2730B734B1C4}"
EndProject
Project("{2150E333-8FDC-42A3-9474-1A3956D46DE8}") = "BuildingBlocks.Infrastructure", "BuildingBlocks.Infrastructure", "{25965528-0623-46C4-988B-904355A41BCF}"
EndProject
Project("{9A19103F-16F7-4668-BE54-9A1E7A4F7556}") = "BuildingBlocks.Infrastructure", "BuildingBlocks.Infrastructure\BuildingBlocks.Infrastructure\BuildingBlocks.Infrastructure.csproj", "{8FDA7CF5-C724-4BBF-B705-01A8CE56F896}"
EndProject
Project("{9A19103F-16F7-4668-BE54-9A1E7A4F7556}") = "BuildingBlocks.Infrastructure.Tests", "BuildingBlocks.Infrastructure\BuildingBlocks.Infrastructure.Tests\BuildingBlocks.Infrastructure.Tests.csproj", "{7B73CC06-B745-4575-97DE-744AFA66D54F}"
EndProject
Project("{2150E333-8FDC-42A3-9474-1A3956D46DE8}") = "BuildingBlocks.API", "BuildingBlocks.API", "{D1390D81-388D-469C-A69C-2E8CAB6804AA}"
EndProject
Project("{9A19103F-16F7-4668-BE54-9A1E7A4F7556}") = "BuildingBlocks.API", "BuildingBlocks.API\BuildingBlocks.API\BuildingBlocks.API.csproj", "{8404234C-6CD1-4950-9FE8-DD23E8CFCD96}"
EndProject
Project("{9A19103F-16F7-4668-BE54-9A1E7A4F7556}") = "BuildingBlocks.API.Tests", "BuildingBlocks.API\BuildingBlocks.API.Tests\BuildingBlocks.API.Tests.csproj", "{FFCDAECE-2753-4070-A224-C2C8FFADDD21}"
EndProject
Global
	GlobalSection(SolutionConfigurationPlatforms) = preSolution
		Debug|Any CPU = Debug|Any CPU
		Release|Any CPU = Release|Any CPU
	EndGlobalSection
	GlobalSection(ProjectConfigurationPlatforms) = postSolution
		{8A2A179E-72BE-4D5E-9334-E2120AEFE349}.Debug|Any CPU.ActiveCfg = Debug|Any CPU
		{8A2A179E-72BE-4D5E-9334-E2120AEFE349}.Debug|Any CPU.Build.0 = Debug|Any CPU
		{8A2A179E-72BE-4D5E-9334-E2120AEFE349}.Release|Any CPU.ActiveCfg = Release|Any CPU
		{8A2A179E-72BE-4D5E-9334-E2120AEFE349}.Release|Any CPU.Build.0 = Release|Any CPU
		{77E671D5-3162-41F8-A35F-03499BE1D270}.Debug|Any CPU.ActiveCfg = Debug|Any CPU
		{77E671D5-3162-41F8-A35F-03499BE1D270}.Debug|Any CPU.Build.0 = Debug|Any CPU
		{77E671D5-3162-41F8-A35F-03499BE1D270}.Release|Any CPU.ActiveCfg = Release|Any CPU
		{77E671D5-3162-41F8-A35F-03499BE1D270}.Release|Any CPU.Build.0 = Release|Any CPU
		{3679AFA4-6C57-43CE-BE2F-AAEFF830F891}.Debug|Any CPU.ActiveCfg = Debug|Any CPU
		{3679AFA4-6C57-43CE-BE2F-AAEFF830F891}.Debug|Any CPU.Build.0 = Debug|Any CPU
		{3679AFA4-6C57-43CE-BE2F-AAEFF830F891}.Release|Any CPU.ActiveCfg = Release|Any CPU
		{3679AFA4-6C57-43CE-BE2F-AAEFF830F891}.Release|Any CPU.Build.0 = Release|Any CPU
		{048D36B1-21EB-4A47-9EBF-02AF667D4C6E}.Debug|Any CPU.ActiveCfg = Debug|Any CPU
		{048D36B1-21EB-4A47-9EBF-02AF667D4C6E}.Debug|Any CPU.Build.0 = Debug|Any CPU
		{048D36B1-21EB-4A47-9EBF-02AF667D4C6E}.Release|Any CPU.ActiveCfg = Release|Any CPU
		{048D36B1-21EB-4A47-9EBF-02AF667D4C6E}.Release|Any CPU.Build.0 = Release|Any CPU
		{1877210F-E3B9-4940-AEDA-99D2A1363967}.Debug|Any CPU.ActiveCfg = Debug|Any CPU
		{1877210F-E3B9-4940-AEDA-99D2A1363967}.Debug|Any CPU.Build.0 = Debug|Any CPU
		{1877210F-E3B9-4940-AEDA-99D2A1363967}.Release|Any CPU.ActiveCfg = Release|Any CPU
		{1877210F-E3B9-4940-AEDA-99D2A1363967}.Release|Any CPU.Build.0 = Release|Any CPU
		{179026B7-2CEC-4270-9AE9-4AF9529A554F}.Debug|Any CPU.ActiveCfg = Debug|Any CPU
		{179026B7-2CEC-4270-9AE9-4AF9529A554F}.Debug|Any CPU.Build.0 = Debug|Any CPU
		{179026B7-2CEC-4270-9AE9-4AF9529A554F}.Release|Any CPU.ActiveCfg = Release|Any CPU
		{179026B7-2CEC-4270-9AE9-4AF9529A554F}.Release|Any CPU.Build.0 = Release|Any CPU
		{43334802-BD84-44A6-87A5-F71AC4AB061E}.Debug|Any CPU.ActiveCfg = Debug|Any CPU
		{43334802-BD84-44A6-87A5-F71AC4AB061E}.Debug|Any CPU.Build.0 = Debug|Any CPU
		{43334802-BD84-44A6-87A5-F71AC4AB061E}.Release|Any CPU.ActiveCfg = Release|Any CPU
		{43334802-BD84-44A6-87A5-F71AC4AB061E}.Release|Any CPU.Build.0 = Release|Any CPU
		{6CDA8955-1438-49B0-8EC8-845FFF0F17DC}.Debug|Any CPU.ActiveCfg = Debug|Any CPU
		{6CDA8955-1438-49B0-8EC8-845FFF0F17DC}.Debug|Any CPU.Build.0 = Debug|Any CPU
		{6CDA8955-1438-49B0-8EC8-845FFF0F17DC}.Release|Any CPU.ActiveCfg = Release|Any CPU
		{6CDA8955-1438-49B0-8EC8-845FFF0F17DC}.Release|Any CPU.Build.0 = Release|Any CPU
		{8497444C-1C78-4FF3-9ECF-3FBDDFA09D03}.Debug|Any CPU.ActiveCfg = Debug|Any CPU
		{8497444C-1C78-4FF3-9ECF-3FBDDFA09D03}.Debug|Any CPU.Build.0 = Debug|Any CPU
		{8497444C-1C78-4FF3-9ECF-3FBDDFA09D03}.Release|Any CPU.ActiveCfg = Release|Any CPU
		{8497444C-1C78-4FF3-9ECF-3FBDDFA09D03}.Release|Any CPU.Build.0 = Release|Any CPU
		{C1581576-B28D-4003-A8A7-CA758F67DC01}.Debug|Any CPU.ActiveCfg = Debug|Any CPU
		{C1581576-B28D-4003-A8A7-CA758F67DC01}.Debug|Any CPU.Build.0 = Debug|Any CPU
		{C1581576-B28D-4003-A8A7-CA758F67DC01}.Release|Any CPU.ActiveCfg = Release|Any CPU
		{C1581576-B28D-4003-A8A7-CA758F67DC01}.Release|Any CPU.Build.0 = Release|Any CPU
		{37BEF855-5AA0-497D-B1E2-D657B7B19455}.Debug|Any CPU.ActiveCfg = Debug|Any CPU
		{37BEF855-5AA0-497D-B1E2-D657B7B19455}.Debug|Any CPU.Build.0 = Debug|Any CPU
		{37BEF855-5AA0-497D-B1E2-D657B7B19455}.Release|Any CPU.ActiveCfg = Release|Any CPU
		{37BEF855-5AA0-497D-B1E2-D657B7B19455}.Release|Any CPU.Build.0 = Release|Any CPU
		{53C7A335-F29E-4D37-A4C8-2596F507AAA5}.Debug|Any CPU.ActiveCfg = Debug|Any CPU
		{53C7A335-F29E-4D37-A4C8-2596F507AAA5}.Debug|Any CPU.Build.0 = Debug|Any CPU
		{53C7A335-F29E-4D37-A4C8-2596F507AAA5}.Release|Any CPU.ActiveCfg = Release|Any CPU
		{53C7A335-F29E-4D37-A4C8-2596F507AAA5}.Release|Any CPU.Build.0 = Release|Any CPU
		{6B5CC495-CAF3-4171-BE52-2730B734B1C4}.Debug|Any CPU.ActiveCfg = Debug|Any CPU
		{6B5CC495-CAF3-4171-BE52-2730B734B1C4}.Debug|Any CPU.Build.0 = Debug|Any CPU
		{6B5CC495-CAF3-4171-BE52-2730B734B1C4}.Release|Any CPU.ActiveCfg = Release|Any CPU
		{6B5CC495-CAF3-4171-BE52-2730B734B1C4}.Release|Any CPU.Build.0 = Release|Any CPU
		{8FDA7CF5-C724-4BBF-B705-01A8CE56F896}.Debug|Any CPU.ActiveCfg = Debug|Any CPU
		{8FDA7CF5-C724-4BBF-B705-01A8CE56F896}.Debug|Any CPU.Build.0 = Debug|Any CPU
		{8FDA7CF5-C724-4BBF-B705-01A8CE56F896}.Release|Any CPU.ActiveCfg = Release|Any CPU
		{8FDA7CF5-C724-4BBF-B705-01A8CE56F896}.Release|Any CPU.Build.0 = Release|Any CPU
		{7B73CC06-B745-4575-97DE-744AFA66D54F}.Debug|Any CPU.ActiveCfg = Debug|Any CPU
		{7B73CC06-B745-4575-97DE-744AFA66D54F}.Debug|Any CPU.Build.0 = Debug|Any CPU
		{7B73CC06-B745-4575-97DE-744AFA66D54F}.Release|Any CPU.ActiveCfg = Release|Any CPU
		{7B73CC06-B745-4575-97DE-744AFA66D54F}.Release|Any CPU.Build.0 = Release|Any CPU
		{8404234C-6CD1-4950-9FE8-DD23E8CFCD96}.Debug|Any CPU.ActiveCfg = Debug|Any CPU
		{8404234C-6CD1-4950-9FE8-DD23E8CFCD96}.Debug|Any CPU.Build.0 = Debug|Any CPU
		{8404234C-6CD1-4950-9FE8-DD23E8CFCD96}.Release|Any CPU.ActiveCfg = Release|Any CPU
		{8404234C-6CD1-4950-9FE8-DD23E8CFCD96}.Release|Any CPU.Build.0 = Release|Any CPU
		{FFCDAECE-2753-4070-A224-C2C8FFADDD21}.Debug|Any CPU.ActiveCfg = Debug|Any CPU
		{FFCDAECE-2753-4070-A224-C2C8FFADDD21}.Debug|Any CPU.Build.0 = Debug|Any CPU
		{FFCDAECE-2753-4070-A224-C2C8FFADDD21}.Release|Any CPU.ActiveCfg = Release|Any CPU
		{FFCDAECE-2753-4070-A224-C2C8FFADDD21}.Release|Any CPU.Build.0 = Release|Any CPU
	EndGlobalSection
	GlobalSection(SolutionProperties) = preSolution
		HideSolutionNode = FALSE
	EndGlobalSection
	GlobalSection(NestedProjects) = preSolution
		{8A2A179E-72BE-4D5E-9334-E2120AEFE349} = {99ADF714-13A0-4F9E-9F1A-EB60E27D8D11}
		{77E671D5-3162-41F8-A35F-03499BE1D270} = {99ADF714-13A0-4F9E-9F1A-EB60E27D8D11}
		{3679AFA4-6C57-43CE-BE2F-AAEFF830F891} = {669B153A-4BA5-4295-ABF3-F136ED63B1B5}
		{048D36B1-21EB-4A47-9EBF-02AF667D4C6E} = {669B153A-4BA5-4295-ABF3-F136ED63B1B5}
		{1877210F-E3B9-4940-AEDA-99D2A1363967} = {BC33C862-D5F4-46C0-8679-AB6AE796DE4E}
		{179026B7-2CEC-4270-9AE9-4AF9529A554F} = {6F8A5328-33E2-4871-B711-162BBA18EE4E}
		{43334802-BD84-44A6-87A5-F71AC4AB061E} = {3F0CF798-FBE9-4674-B8EA-6AEC8C51E5B1}
		{3F0CF798-FBE9-4674-B8EA-6AEC8C51E5B1} = {D6DF0416-BBAE-48AF-BF98-F1F85315551C}
		{6CDA8955-1438-49B0-8EC8-845FFF0F17DC} = {3F0CF798-FBE9-4674-B8EA-6AEC8C51E5B1}
		{6F8A5328-33E2-4871-B711-162BBA18EE4E} = {D6DF0416-BBAE-48AF-BF98-F1F85315551C}
		{8497444C-1C78-4FF3-9ECF-3FBDDFA09D03} = {BC33C862-D5F4-46C0-8679-AB6AE796DE4E}
		{C1581576-B28D-4003-A8A7-CA758F67DC01} = {6F8A5328-33E2-4871-B711-162BBA18EE4E}
		{475318A9-7084-454F-BEC3-C6660B7C87E9} = {5E01865C-5AE2-4227-82E0-F60591E0A7E6}
		{37BEF855-5AA0-497D-B1E2-D657B7B19455} = {475318A9-7084-454F-BEC3-C6660B7C87E9}
		{53C7A335-F29E-4D37-A4C8-2596F507AAA5} = {475318A9-7084-454F-BEC3-C6660B7C87E9}
		{6B5CC495-CAF3-4171-BE52-2730B734B1C4} = {475318A9-7084-454F-BEC3-C6660B7C87E9}
		{25965528-0623-46C4-988B-904355A41BCF} = {5E01865C-5AE2-4227-82E0-F60591E0A7E6}
		{8FDA7CF5-C724-4BBF-B705-01A8CE56F896} = {25965528-0623-46C4-988B-904355A41BCF}
		{7B73CC06-B745-4575-97DE-744AFA66D54F} = {25965528-0623-46C4-988B-904355A41BCF}
		{D1390D81-388D-469C-A69C-2E8CAB6804AA} = {5E01865C-5AE2-4227-82E0-F60591E0A7E6}
		{8404234C-6CD1-4950-9FE8-DD23E8CFCD96} = {D1390D81-388D-469C-A69C-2E8CAB6804AA}
		{FFCDAECE-2753-4070-A224-C2C8FFADDD21} = {D1390D81-388D-469C-A69C-2E8CAB6804AA}
	EndGlobalSection
	GlobalSection(ExtensibilityGlobals) = postSolution
		SolutionGuid = {15AA1562-AF9C-4231-AF37-610EE2C55CCE}
	EndGlobalSection
EndGlobal
